
Microsoft Visual Studio Solution File, Format Version 12.00
# Visual Studio Version 17
VisualStudioVersion = 17.4.33213.308
MinimumVisualStudioVersion = 10.0.40219.1
Project("{FAE04EC0-301F-11D3-BF4B-00C04F79EFBC}") = "Aula05_Atv01", "Aula05_Atv01\Aula05_Atv01.csproj", "{16C5E0EB-8D65-4B64-8E8E-7C59A5AA4135}"
EndProject
Global
	GlobalSection(SolutionConfigurationPlatforms) = preSolution
		Debug|Any CPU = Debug|Any CPU
		Release|Any CPU = Release|Any CPU
	EndGlobalSection
	GlobalSection(ProjectConfigurationPlatforms) = postSolution
		{16C5E0EB-8D65-4B64-8E8E-7C59A5AA4135}.Debug|Any CPU.ActiveCfg = Debug|Any CPU
		{16C5E0EB-8D65-4B64-8E8E-7C59A5AA4135}.Debug|Any CPU.Build.0 = Debug|Any CPU
		{16C5E0EB-8D65-4B64-8E8E-7C59A5AA4135}.Release|Any CPU.ActiveCfg = Release|Any CPU
		{16C5E0EB-8D65-4B64-8E8E-7C59A5AA4135}.Release|Any CPU.Build.0 = Release|Any CPU
	EndGlobalSection
	GlobalSection(SolutionProperties) = preSolution
		HideSolutionNode = FALSE
	EndGlobalSection
	GlobalSection(ExtensibilityGlobals) = postSolution
		SolutionGuid = {CE3FB4C7-8194-4F2A-B043-1552C2AD6949}
	EndGlobalSection
EndGlobal
