
Microsoft Visual Studio Solution File, Format Version 12.00
# Visual Studio Version 17
VisualStudioVersion = 17.4.33213.308
MinimumVisualStudioVersion = 10.0.40219.1
Project("{FAE04EC0-301F-11D3-BF4B-00C04F79EFBC}") = "TiposPrimitivos", "TiposPrimitivos\TiposPrimitivos.csproj", "{2547C6FE-59D7-414B-9357-581DD2A22911}"
EndProject
Global
	GlobalSection(SolutionConfigurationPlatforms) = preSolution
		Debug|Any CPU = Debug|Any CPU
		Release|Any CPU = Release|Any CPU
	EndGlobalSection
	GlobalSection(ProjectConfigurationPlatforms) = postSolution
		{2547C6FE-59D7-414B-9357-581DD2A22911}.Debug|Any CPU.ActiveCfg = Debug|Any CPU
		{2547C6FE-59D7-414B-9357-581DD2A22911}.Debug|Any CPU.Build.0 = Debug|Any CPU
		{2547C6FE-59D7-414B-9357-581DD2A22911}.Release|Any CPU.ActiveCfg = Release|Any CPU
		{2547C6FE-59D7-414B-9357-581DD2A22911}.Release|Any CPU.Build.0 = Release|Any CPU
	EndGlobalSection
	GlobalSection(SolutionProperties) = preSolution
		HideSolutionNode = FALSE
	EndGlobalSection
	GlobalSection(ExtensibilityGlobals) = postSolution
		SolutionGuid = {D8A0AEB5-5234-4AEC-B5F4-9D370110BBA3}
	EndGlobalSection
EndGlobal
