
Microsoft Visual Studio Solution File, Format Version 12.00
# Visual Studio Version 17
VisualStudioVersion = 17.4.33213.308
MinimumVisualStudioVersion = 10.0.40219.1
Project("{FAE04EC0-301F-11D3-BF4B-00C04F79EFBC}") = "Aula04_Atv1", "Aula04_Atv1\Aula04_Atv1.csproj", "{09645C1B-F101-4F1E-A1FA-D3CE40F3F2EC}"
EndProject
Global
	GlobalSection(SolutionConfigurationPlatforms) = preSolution
		Debug|Any CPU = Debug|Any CPU
		Release|Any CPU = Release|Any CPU
	EndGlobalSection
	GlobalSection(ProjectConfigurationPlatforms) = postSolution
		{09645C1B-F101-4F1E-A1FA-D3CE40F3F2EC}.Debug|Any CPU.ActiveCfg = Debug|Any CPU
		{09645C1B-F101-4F1E-A1FA-D3CE40F3F2EC}.Debug|Any CPU.Build.0 = Debug|Any CPU
		{09645C1B-F101-4F1E-A1FA-D3CE40F3F2EC}.Release|Any CPU.ActiveCfg = Release|Any CPU
		{09645C1B-F101-4F1E-A1FA-D3CE40F3F2EC}.Release|Any CPU.Build.0 = Release|Any CPU
	EndGlobalSection
	GlobalSection(SolutionProperties) = preSolution
		HideSolutionNode = FALSE
	EndGlobalSection
	GlobalSection(ExtensibilityGlobals) = postSolution
		SolutionGuid = {D406931D-58D1-49ED-A3E1-47AEF6B21EFC}
	EndGlobalSection
EndGlobal
