
Microsoft Visual Studio Solution File, Format Version 12.00
# Visual Studio Version 17
VisualStudioVersion = 17.5.33502.453
MinimumVisualStudioVersion = 10.0.40219.1
Project("{FAE04EC0-301F-11D3-BF4B-00C04F79EFBC}") = "Aula09Arrays", "Aula09Arrays\Aula09Arrays.csproj", "{CF135EC0-4FA0-43DE-9B58-BFF45735D7A4}"
EndProject
Global
	GlobalSection(SolutionConfigurationPlatforms) = preSolution
		Debug|Any CPU = Debug|Any CPU
		Release|Any CPU = Release|Any CPU
	EndGlobalSection
	GlobalSection(ProjectConfigurationPlatforms) = postSolution
		{CF135EC0-4FA0-43DE-9B58-BFF45735D7A4}.Debug|Any CPU.ActiveCfg = Debug|Any CPU
		{CF135EC0-4FA0-43DE-9B58-BFF45735D7A4}.Debug|Any CPU.Build.0 = Debug|Any CPU
		{CF135EC0-4FA0-43DE-9B58-BFF45735D7A4}.Release|Any CPU.ActiveCfg = Release|Any CPU
		{CF135EC0-4FA0-43DE-9B58-BFF45735D7A4}.Release|Any CPU.Build.0 = Release|Any CPU
	EndGlobalSection
	GlobalSection(SolutionProperties) = preSolution
		HideSolutionNode = FALSE
	EndGlobalSection
	GlobalSection(ExtensibilityGlobals) = postSolution
		SolutionGuid = {7B6DF0C1-69FA-4CB1-9680-7D0EF7C02502}
	EndGlobalSection
EndGlobal
